
Microsoft Visual Studio Solution File, Format Version 12.00
# Visual Studio Version 17
VisualStudioVersion = 17.13.35723.152
MinimumVisualStudioVersion = 10.0.40219.1
Project("{FAE04EC0-301F-11D3-BF4B-00C04F79EFBC}") = "PaymentCalculation.Base", "PaymentCalculation\PaymentCalculation.Base.csproj", "{09474FC9-F595-4934-B209-1185F4750956}"
EndProject
Project("{FAE04EC0-301F-11D3-BF4B-00C04F79EFBC}") = "PaymentCalculation.CLI", "PaymentCalculation.CLI\PaymentCalculation.CLI.csproj", "{2EC33559-E18A-4433-B109-89473E1C7F6A}"
EndProject
Global
	GlobalSection(SolutionConfigurationPlatforms) = preSolution
		Debug|Any CPU = Debug|Any CPU
		Release|Any CPU = Release|Any CPU
	EndGlobalSection
	GlobalSection(ProjectConfigurationPlatforms) = postSolution
		{09474FC9-F595-4934-B209-1185F4750956}.Debug|Any CPU.ActiveCfg = Debug|Any CPU
		{09474FC9-F595-4934-B209-1185F4750956}.Debug|Any CPU.Build.0 = Debug|Any CPU
		{09474FC9-F595-4934-B209-1185F4750956}.Release|Any CPU.ActiveCfg = Release|Any CPU
		{09474FC9-F595-4934-B209-1185F4750956}.Release|Any CPU.Build.0 = Release|Any CPU
		{2EC33559-E18A-4433-B109-89473E1C7F6A}.Debug|Any CPU.ActiveCfg = Debug|Any CPU
		{2EC33559-E18A-4433-B109-89473E1C7F6A}.Debug|Any CPU.Build.0 = Debug|Any CPU
		{2EC33559-E18A-4433-B109-89473E1C7F6A}.Release|Any CPU.ActiveCfg = Release|Any CPU
		{2EC33559-E18A-4433-B109-89473E1C7F6A}.Release|Any CPU.Build.0 = Release|Any CPU
	EndGlobalSection
	GlobalSection(SolutionProperties) = preSolution
		HideSolutionNode = FALSE
	EndGlobalSection
	GlobalSection(ExtensibilityGlobals) = postSolution
		SolutionGuid = {92BF90C3-533C-4D0D-AF3A-4CA73736BA50}
	EndGlobalSection
EndGlobal
